
Microsoft Visual Studio Solution File, Format Version 12.00
# Visual Studio Version 17
VisualStudioVersion = 17.5.33627.172
MinimumVisualStudioVersion = 10.0.40219.1
Project("{FAE04EC0-301F-11D3-BF4B-00C04F79EFBC}") = "DirectoryServer", "DirectoryServer\DirectoryServer.csproj", "{805E94F4-B3F9-4498-A826-32788A79AC02}"
EndProject
Global
	GlobalSection(SolutionConfigurationPlatforms) = preSolution
		Debug|Any CPU = Debug|Any CPU
		Release|Any CPU = Release|Any CPU
	EndGlobalSection
	GlobalSection(ProjectConfigurationPlatforms) = postSolution
		{805E94F4-B3F9-4498-A826-32788A79AC02}.Debug|Any CPU.ActiveCfg = Debug|Any CPU
		{805E94F4-B3F9-4498-A826-32788A79AC02}.Debug|Any CPU.Build.0 = Debug|Any CPU
		{805E94F4-B3F9-4498-A826-32788A79AC02}.Release|Any CPU.ActiveCfg = Release|Any CPU
		{805E94F4-B3F9-4498-A826-32788A79AC02}.Release|Any CPU.Build.0 = Release|Any CPU
	EndGlobalSection
	GlobalSection(SolutionProperties) = preSolution
		HideSolutionNode = FALSE
	EndGlobalSection
	GlobalSection(ExtensibilityGlobals) = postSolution
		SolutionGuid = {D5D9CBC1-FCF5-42F8-A068-BD1794E7E67C}
	EndGlobalSection
EndGlobal
